
Microsoft Visual Studio Solution File, Format Version 12.00
# Visual Studio 15
VisualStudioVersion = 15.0.28010.2048
MinimumVisualStudioVersion = 10.0.40219.1
Project("{FAE04EC0-301F-11D3-BF4B-00C04F79EFBC}") = "WCFREST", "WCFREST\WCFREST.csproj", "{6BA77E77-D29A-4D5E-904F-25827579478B}"
EndProject
Project("{FAE04EC0-301F-11D3-BF4B-00C04F79EFBC}") = "ConsoleApp1", "ConsoleApp1\ConsoleApp1.csproj", "{BF8BA684-4385-4EDE-84C8-049A814C8754}"
	ProjectSection(ProjectDependencies) = postProject
		{6BA77E77-D29A-4D5E-904F-25827579478B} = {6BA77E77-D29A-4D5E-904F-25827579478B}
	EndProjectSection
EndProject
Global
	GlobalSection(SolutionConfigurationPlatforms) = preSolution
		Debug|Any CPU = Debug|Any CPU
		Release|Any CPU = Release|Any CPU
	EndGlobalSection
	GlobalSection(ProjectConfigurationPlatforms) = postSolution
		{6BA77E77-D29A-4D5E-904F-25827579478B}.Debug|Any CPU.ActiveCfg = Debug|Any CPU
		{6BA77E77-D29A-4D5E-904F-25827579478B}.Debug|Any CPU.Build.0 = Debug|Any CPU
		{6BA77E77-D29A-4D5E-904F-25827579478B}.Release|Any CPU.ActiveCfg = Release|Any CPU
		{6BA77E77-D29A-4D5E-904F-25827579478B}.Release|Any CPU.Build.0 = Release|Any CPU
		{BF8BA684-4385-4EDE-84C8-049A814C8754}.Debug|Any CPU.ActiveCfg = Debug|Any CPU
		{BF8BA684-4385-4EDE-84C8-049A814C8754}.Debug|Any CPU.Build.0 = Debug|Any CPU
		{BF8BA684-4385-4EDE-84C8-049A814C8754}.Release|Any CPU.ActiveCfg = Release|Any CPU
		{BF8BA684-4385-4EDE-84C8-049A814C8754}.Release|Any CPU.Build.0 = Release|Any CPU
	EndGlobalSection
	GlobalSection(SolutionProperties) = preSolution
		HideSolutionNode = FALSE
	EndGlobalSection
	GlobalSection(ExtensibilityGlobals) = postSolution
		SolutionGuid = {582BB06A-65D7-4080-83B7-C2310283DB21}
	EndGlobalSection
EndGlobal
